
Microsoft Visual Studio Solution File, Format Version 12.00
# Visual Studio 2013
VisualStudioVersion = 12.0.21005.1
MinimumVisualStudioVersion = 10.0.40219.1
Project("{8BC9CEB8-8B4A-11D0-8D11-00A0C91BC942}") = "FileListing", "FileListing\FileListing.vcxproj", "{DDBBDB0D-9515-4D16-ABE6-4DE841912CB1}"
EndProject
Project("{8BC9CEB8-8B4A-11D0-8D11-00A0C91BC942}") = "Test1", "Test1\Test1.vcxproj", "{28A8378E-E865-454F-8DF6-CD093F35403A}"
EndProject
Global
	GlobalSection(SolutionConfigurationPlatforms) = preSolution
		Debug|Win32 = Debug|Win32
		Release|Win32 = Release|Win32
	EndGlobalSection
	GlobalSection(ProjectConfigurationPlatforms) = postSolution
		{DDBBDB0D-9515-4D16-ABE6-4DE841912CB1}.Debug|Win32.ActiveCfg = Debug|Win32
		{DDBBDB0D-9515-4D16-ABE6-4DE841912CB1}.Debug|Win32.Build.0 = Debug|Win32
		{DDBBDB0D-9515-4D16-ABE6-4DE841912CB1}.Release|Win32.ActiveCfg = Release|Win32
		{DDBBDB0D-9515-4D16-ABE6-4DE841912CB1}.Release|Win32.Build.0 = Release|Win32
		{28A8378E-E865-454F-8DF6-CD093F35403A}.Debug|Win32.ActiveCfg = Debug|Win32
		{28A8378E-E865-454F-8DF6-CD093F35403A}.Debug|Win32.Build.0 = Debug|Win32
		{28A8378E-E865-454F-8DF6-CD093F35403A}.Release|Win32.ActiveCfg = Release|Win32
		{28A8378E-E865-454F-8DF6-CD093F35403A}.Release|Win32.Build.0 = Release|Win32
	EndGlobalSection
	GlobalSection(SolutionProperties) = preSolution
		HideSolutionNode = FALSE
	EndGlobalSection
EndGlobal
