<?xml version="1.0" encoding="utf-8"?>
<Project ToolsVersion="4.0" xmlns="http://schemas.microsoft.com/developer/msbuild/2003">
  <ItemGroup>
    <Filter Include="Source Files">
      <UniqueIdentifier>{4FC737F1-C7A5-4376-A066-2A32D752A2FF}</UniqueIdentifier>
      <Extensions>cpp;c;cc;cxx;def;odl;idl;hpj;bat;asm;asmx</Extensions>
    </Filter>
    <Filter Include="Header Files">
      <UniqueIdentifier>{93995380-89BD-4b04-88EB-625FBE52EBFB}</UniqueIdentifier>
      <Extensions>h;hh;hpp;hxx;hm;inl;inc;xsd</Extensions>
    </Filter>
    <Filter Include="Resource Files">
      <UniqueIdentifier>{67DA6AB6-F800-4c08-8B7A-83BB121AAD01}</UniqueIdentifier>
      <Extensions>rc;ico;cur;bmp;dlg;rc2;rct;bin;rgs;gif;jpg;jpeg;jpe;resx;tiff;tif;png;wav;mfcribbon-ms</Extensions>
    </Filter>
  </ItemGroup>
  <ItemGroup>
    <ClCompile Include="..\sources\Application.cpp">
      <Filter>Source Files</Filter>
    </ClCompile>
    <ClCompile Include="..\sources\AScreen.cpp">
      <Filter>Source Files</Filter>
    </ClCompile>
    <ClCompile Include="..\sources\AWidget.cpp">
      <Filter>Source Files</Filter>
    </ClCompile>
    <ClCompile Include="..\sources\Button.cpp">
      <Filter>Source Files</Filter>
    </ClCompile>
    <ClCompile Include="..\sources\CheckBox.cpp">
      <Filter>Source Files</Filter>
    </ClCompile>
    <ClCompile Include="..\sources\Image.cpp">
      <Filter>Source Files</Filter>
    </ClCompile>
    <ClCompile Include="..\sources\Interface.cpp">
      <Filter>Source Files</Filter>
    </ClCompile>
    <ClCompile Include="..\sources\LineServer.cpp">
      <Filter>Source Files</Filter>
    </ClCompile>
    <ClCompile Include="..\sources\main.cpp">
      <Filter>Source Files</Filter>
    </ClCompile>
    <ClCompile Include="..\sources\MenuWindow.cpp">
      <Filter>Source Files</Filter>
    </ClCompile>
    <ClCompile Include="..\sources\Text.cpp">
      <Filter>Source Files</Filter>
    </ClCompile>
    <ClCompile Include="..\sources\TextArea.cpp">
      <Filter>Source Files</Filter>
    </ClCompile>
    <ClCompile Include="..\sources\TextBlock.cpp">
      <Filter>Source Files</Filter>
    </ClCompile>
    <ClCompile Include="..\sources\Texture.cpp">
      <Filter>Source Files</Filter>
    </ClCompile>
    <ClCompile Include="..\sources\TextureManager.cpp">
      <Filter>Source Files</Filter>
    </ClCompile>
    <ClCompile Include="..\sources\InfosUser.cpp">
      <Filter>Source Files</Filter>
    </ClCompile>
    <ClCompile Include="..\sources\Font.cpp">
      <Filter>Source Files</Filter>
    </ClCompile>
    <ClCompile Include="..\sources\FontManager.cpp">
      <Filter>Source Files</Filter>
    </ClCompile>
    <ClCompile Include="..\sources\MediaAudioManager.cpp">
      <Filter>Source Files</Filter>
    </ClCompile>
    <ClCompile Include="..\sources\Sound.cpp">
      <Filter>Source Files</Filter>
    </ClCompile>
    <ClCompile Include="..\sources\MD5.cpp">
      <Filter>Source Files</Filter>
    </ClCompile>
  </ItemGroup>
  <ItemGroup>
    <ClInclude Include="..\include\Application.hh">
      <Filter>Header Files</Filter>
    </ClInclude>
    <ClInclude Include="..\include\AScreen.hh">
      <Filter>Header Files</Filter>
    </ClInclude>
    <ClInclude Include="..\include\AWidget.hh">
      <Filter>Header Files</Filter>
    </ClInclude>
    <ClInclude Include="..\include\Background.hh">
      <Filter>Header Files</Filter>
    </ClInclude>
    <ClInclude Include="..\include\Button.hh">
      <Filter>Header Files</Filter>
    </ClInclude>
    <ClInclude Include="..\include\CheckBox.hh">
      <Filter>Header Files</Filter>
    </ClInclude>
    <ClInclude Include="..\include\Image.hh">
      <Filter>Header Files</Filter>
    </ClInclude>
    <ClInclude Include="..\include\Interface.hh">
      <Filter>Header Files</Filter>
    </ClInclude>
    <ClInclude Include="..\include\IScreen.hh">
      <Filter>Header Files</Filter>
    </ClInclude>
    <ClInclude Include="..\include\IWidget.hh">
      <Filter>Header Files</Filter>
    </ClInclude>
    <ClInclude Include="..\include\LineServer.hh">
      <Filter>Header Files</Filter>
    </ClInclude>
    <ClInclude Include="..\include\MenuWindow.hh">
      <Filter>Header Files</Filter>
    </ClInclude>
    <ClInclude Include="..\include\Text.hh">
      <Filter>Header Files</Filter>
    </ClInclude>
    <ClInclude Include="..\include\TextArea.hh">
      <Filter>Header Files</Filter>
    </ClInclude>
    <ClInclude Include="..\include\TextBlock.hh">
      <Filter>Header Files</Filter>
    </ClInclude>
    <ClInclude Include="..\include\Texture.hh">
      <Filter>Header Files</Filter>
    </ClInclude>
    <ClInclude Include="..\include\TextureManager.hh">
      <Filter>Header Files</Filter>
    </ClInclude>
    <ClInclude Include="..\include\InfosUser.hh">
      <Filter>Header Files</Filter>
    </ClInclude>
    <ClInclude Include="..\include\Font.hh">
      <Filter>Header Files</Filter>
    </ClInclude>
    <ClInclude Include="..\include\FontManager.hh">
      <Filter>Header Files</Filter>
    </ClInclude>
    <ClInclude Include="..\include\MediaAudioManager.hh">
      <Filter>Header Files</Filter>
    </ClInclude>
    <ClInclude Include="..\include\Network.hh">
      <Filter>Header Files</Filter>
    </ClInclude>
    <ClInclude Include="..\include\Sound.hh">
      <Filter>Header Files</Filter>
    </ClInclude>
    <ClInclude Include="..\include\MD5.hh">
      <Filter>Header Files</Filter>
    </ClInclude>
  </ItemGroup>
</Project>