<?xml version="1.0" encoding="utf-8"?>
<Project ToolsVersion="4.0" xmlns="http://schemas.microsoft.com/developer/msbuild/2003">
  <ItemGroup>
    <Filter Include="Source Files">
      <UniqueIdentifier>{4FC737F1-C7A5-4376-A066-2A32D752A2FF}</UniqueIdentifier>
      <Extensions>cpp;c;cc;cxx;def;odl;idl;hpj;bat;asm;asmx</Extensions>
    </Filter>
    <Filter Include="Header Files">
      <UniqueIdentifier>{93995380-89BD-4b04-88EB-625FBE52EBFB}</UniqueIdentifier>
      <Extensions>h;hh;hpp;hxx;hm;inl;inc;xsd</Extensions>
    </Filter>
    <Filter Include="Resource Files">
      <UniqueIdentifier>{67DA6AB6-F800-4c08-8B7A-83BB121AAD01}</UniqueIdentifier>
      <Extensions>rc;ico;cur;bmp;dlg;rc2;rct;bin;rgs;gif;jpg;jpeg;jpe;resx;tiff;tif;png;wav;mfcribbon-ms</Extensions>
    </Filter>
    <Filter Include="Header Files\Entities">
      <UniqueIdentifier>{4a4a2443-0bbc-4d15-98c8-7071e6ed5c7e}</UniqueIdentifier>
    </Filter>
    <Filter Include="Source Files\Entities">
      <UniqueIdentifier>{b7bff925-c2ae-4fff-bf8f-f57c7099dd30}</UniqueIdentifier>
    </Filter>
  </ItemGroup>
  <ItemGroup>
    <Text Include="ReadMe.txt" />
  </ItemGroup>
  <ItemGroup>
    <ClInclude Include="include\Position.hh">
      <Filter>Header Files</Filter>
    </ClInclude>
    <ClInclude Include="include\Referee.hh">
      <Filter>Header Files</Filter>
    </ClInclude>
    <ClInclude Include="include\Rules.hh">
      <Filter>Header Files</Filter>
    </ClInclude>
    <ClInclude Include="include\Scenario.hh">
      <Filter>Header Files</Filter>
    </ClInclude>
    <ClInclude Include="include\Clock.hh">
      <Filter>Header Files</Filter>
    </ClInclude>
    <ClInclude Include="include\Time.hh">
      <Filter>Header Files</Filter>
    </ClInclude>
    <ClInclude Include="include\Rect.hpp">
      <Filter>Header Files</Filter>
    </ClInclude>
    <ClInclude Include="include\ObjectMover.hh">
      <Filter>Header Files</Filter>
    </ClInclude>
    <ClInclude Include="include\ObjectMoverStraight.hh">
      <Filter>Header Files</Filter>
    </ClInclude>
    <ClInclude Include="include\EntityFactory.hh">
      <Filter>Header Files</Filter>
    </ClInclude>
    <ClInclude Include="include\Entity.hh">
      <Filter>Header Files\Entities</Filter>
    </ClInclude>
    <ClInclude Include="include\Missile.hh">
      <Filter>Header Files\Entities</Filter>
    </ClInclude>
    <ClInclude Include="include\Mob.hh">
      <Filter>Header Files\Entities</Filter>
    </ClInclude>
    <ClInclude Include="include\Player.hh">
      <Filter>Header Files\Entities</Filter>
    </ClInclude>
  </ItemGroup>
  <ItemGroup>
    <ClCompile Include="sources\Clock.cpp">
      <Filter>Source Files</Filter>
    </ClCompile>
    <ClCompile Include="sources\ObjectMover.cpp">
      <Filter>Source Files</Filter>
    </ClCompile>
    <ClCompile Include="sources\ObjectMoverStraight.cpp">
      <Filter>Source Files</Filter>
    </ClCompile>
    <ClCompile Include="sources\Position.cpp">
      <Filter>Source Files</Filter>
    </ClCompile>
    <ClCompile Include="sources\Referee.cpp">
      <Filter>Source Files</Filter>
    </ClCompile>
    <ClCompile Include="sources\Scenario.cpp">
      <Filter>Source Files</Filter>
    </ClCompile>
    <ClCompile Include="sources\Time.cpp">
      <Filter>Source Files</Filter>
    </ClCompile>
    <ClCompile Include="sources\EntityFactory.cpp">
      <Filter>Source Files</Filter>
    </ClCompile>
    <ClCompile Include="sources\Entity.cpp">
      <Filter>Source Files\Entities</Filter>
    </ClCompile>
    <ClCompile Include="sources\Missile.cpp">
      <Filter>Source Files\Entities</Filter>
    </ClCompile>
    <ClCompile Include="sources\Mob.cpp">
      <Filter>Source Files\Entities</Filter>
    </ClCompile>
    <ClCompile Include="sources\Player.cpp">
      <Filter>Source Files\Entities</Filter>
    </ClCompile>
  </ItemGroup>
</Project>